<Solution>
  <Configurations>
    <BuildType Name="Debug" />
    <BuildType Name="Editor" />
    <BuildType Name="Release" />
  </Configurations>
  <Project Path="TDProject.2dog/TDProject.2dog.csproj" />
  <Project Path="TDProject.csproj" />
  <Project Path="TDProject.web/TDProject.web.csproj">
    <BuildType Solution="Editor|*" Project="Debug" />
    <Build Project="false" />
  </Project>
</Solution>
